
Microsoft Visual Studio Solution File, Format Version 12.00
# Visual Studio 15
VisualStudioVersion = 15.0.28307.489
MinimumVisualStudioVersion = 10.0.40219.1
Project("{FAE04EC0-301F-11D3-BF4B-00C04F79EFBC}") = "UI.Desktop", "UI.Desktop\UI.Desktop.csproj", "{3BF82B61-CECF-48BD-BA4B-230D8554620B}"
EndProject
Project("{FAE04EC0-301F-11D3-BF4B-00C04F79EFBC}") = "Business.Entities", "Business.Entities\Business.Entities.csproj", "{3C85C74D-1B3C-453C-BE42-19732E7771D4}"
EndProject
Project("{FAE04EC0-301F-11D3-BF4B-00C04F79EFBC}") = "UI.Web", "UI.Web\UI.Web.csproj", "{5C4172D0-422D-4420-9858-B1536CD13862}"
EndProject
Project("{FAE04EC0-301F-11D3-BF4B-00C04F79EFBC}") = "Business.Logic", "Business.Logic\Business.Logic.csproj", "{B58333C0-BE3F-4D02-8F88-1E3F7D4B57E5}"
	ProjectSection(ProjectDependencies) = postProject
		{18D1C50F-58E0-4D94-B05B-4A95A146E6BB} = {18D1C50F-58E0-4D94-B05B-4A95A146E6BB}
	EndProjectSection
EndProject
Project("{FAE04EC0-301F-11D3-BF4B-00C04F79EFBC}") = "Util", "Util\Util.csproj", "{EEC8043C-EB14-4DE1-89F4-8F371F64DEBC}"
EndProject
Project("{FAE04EC0-301F-11D3-BF4B-00C04F79EFBC}") = "Data.Database", "..\..\..\Desktop\TP2_LABS\TP2Lab03_v1\Data.Database\Data.Database\Data.Database.csproj", "{18D1C50F-58E0-4D94-B05B-4A95A146E6BB}"
EndProject
Project("{FAE04EC0-301F-11D3-BF4B-00C04F79EFBC}") = "UI.Console", "UI.Console\UI.Console.csproj", "{C96D3101-F18C-4C5A-AAB5-06A6D09B58C0}"
EndProject
Global
	GlobalSection(SolutionConfigurationPlatforms) = preSolution
		Debug|Any CPU = Debug|Any CPU
		Release|Any CPU = Release|Any CPU
	EndGlobalSection
	GlobalSection(ProjectConfigurationPlatforms) = postSolution
		{3BF82B61-CECF-48BD-BA4B-230D8554620B}.Debug|Any CPU.ActiveCfg = Debug|Any CPU
		{3BF82B61-CECF-48BD-BA4B-230D8554620B}.Debug|Any CPU.Build.0 = Debug|Any CPU
		{3BF82B61-CECF-48BD-BA4B-230D8554620B}.Release|Any CPU.ActiveCfg = Release|Any CPU
		{3BF82B61-CECF-48BD-BA4B-230D8554620B}.Release|Any CPU.Build.0 = Release|Any CPU
		{3C85C74D-1B3C-453C-BE42-19732E7771D4}.Debug|Any CPU.ActiveCfg = Debug|Any CPU
		{3C85C74D-1B3C-453C-BE42-19732E7771D4}.Debug|Any CPU.Build.0 = Debug|Any CPU
		{3C85C74D-1B3C-453C-BE42-19732E7771D4}.Release|Any CPU.ActiveCfg = Release|Any CPU
		{3C85C74D-1B3C-453C-BE42-19732E7771D4}.Release|Any CPU.Build.0 = Release|Any CPU
		{5C4172D0-422D-4420-9858-B1536CD13862}.Debug|Any CPU.ActiveCfg = Debug|Any CPU
		{5C4172D0-422D-4420-9858-B1536CD13862}.Debug|Any CPU.Build.0 = Debug|Any CPU
		{5C4172D0-422D-4420-9858-B1536CD13862}.Release|Any CPU.ActiveCfg = Release|Any CPU
		{5C4172D0-422D-4420-9858-B1536CD13862}.Release|Any CPU.Build.0 = Release|Any CPU
		{B58333C0-BE3F-4D02-8F88-1E3F7D4B57E5}.Debug|Any CPU.ActiveCfg = Debug|Any CPU
		{B58333C0-BE3F-4D02-8F88-1E3F7D4B57E5}.Debug|Any CPU.Build.0 = Debug|Any CPU
		{B58333C0-BE3F-4D02-8F88-1E3F7D4B57E5}.Release|Any CPU.ActiveCfg = Release|Any CPU
		{B58333C0-BE3F-4D02-8F88-1E3F7D4B57E5}.Release|Any CPU.Build.0 = Release|Any CPU
		{EEC8043C-EB14-4DE1-89F4-8F371F64DEBC}.Debug|Any CPU.ActiveCfg = Debug|Any CPU
		{EEC8043C-EB14-4DE1-89F4-8F371F64DEBC}.Debug|Any CPU.Build.0 = Debug|Any CPU
		{EEC8043C-EB14-4DE1-89F4-8F371F64DEBC}.Release|Any CPU.ActiveCfg = Release|Any CPU
		{EEC8043C-EB14-4DE1-89F4-8F371F64DEBC}.Release|Any CPU.Build.0 = Release|Any CPU
		{18D1C50F-58E0-4D94-B05B-4A95A146E6BB}.Debug|Any CPU.ActiveCfg = Debug|Any CPU
		{18D1C50F-58E0-4D94-B05B-4A95A146E6BB}.Debug|Any CPU.Build.0 = Debug|Any CPU
		{18D1C50F-58E0-4D94-B05B-4A95A146E6BB}.Release|Any CPU.ActiveCfg = Release|Any CPU
		{18D1C50F-58E0-4D94-B05B-4A95A146E6BB}.Release|Any CPU.Build.0 = Release|Any CPU
		{C96D3101-F18C-4C5A-AAB5-06A6D09B58C0}.Debug|Any CPU.ActiveCfg = Debug|Any CPU
		{C96D3101-F18C-4C5A-AAB5-06A6D09B58C0}.Debug|Any CPU.Build.0 = Debug|Any CPU
		{C96D3101-F18C-4C5A-AAB5-06A6D09B58C0}.Release|Any CPU.ActiveCfg = Release|Any CPU
		{C96D3101-F18C-4C5A-AAB5-06A6D09B58C0}.Release|Any CPU.Build.0 = Release|Any CPU
	EndGlobalSection
	GlobalSection(SolutionProperties) = preSolution
		HideSolutionNode = FALSE
	EndGlobalSection
	GlobalSection(ExtensibilityGlobals) = postSolution
		SolutionGuid = {21C39949-234D-43B5-892C-28D4F3F3A5F7}
	EndGlobalSection
EndGlobal
